
Microsoft Visual Studio Solution File, Format Version 12.00
# Visual Studio Version 18
VisualStudioVersion = 18.0.11018.127
MinimumVisualStudioVersion = 10.0.40219.1
Project("{9A19103F-16F7-4668-BE54-9A1E7A4F7556}") = "Myth.Commons", "Myth.Commons\Myth.Commons.csproj", "{F0B8E629-F5BC-4CDC-BC00-E469E8B963AD}"
EndProject
Project("{2150E333-8FDC-42A3-9474-1A3956D46DE8}") = "Solution Items", "Solution Items", "{F6861C44-E45C-4EBC-A10A-DCC18E867FFC}"
	ProjectSection(SolutionItems) = preProject
		LICENSE.txt = LICENSE.txt
		Logo.jpg = Logo.jpg
		README.md = README.md
		README.pt-br.md = README.pt-br.md
	EndProjectSection
EndProject
Project("{9A19103F-16F7-4668-BE54-9A1E7A4F7556}") = "Myth.Repository", "Myth.Repository\Myth.Repository.csproj", "{64BCED11-ACBC-4F67-911D-DDA0395D06C0}"
EndProject
Project("{9A19103F-16F7-4668-BE54-9A1E7A4F7556}") = "Myth.Specification", "Myth.Specification\Myth.Specification.csproj", "{027EC915-129B-412C-AD74-35225C0DA686}"
EndProject
Project("{9A19103F-16F7-4668-BE54-9A1E7A4F7556}") = "Myth.Repository.EntityFramework", "Myth.Repository.EntityFramework\Myth.Repository.EntityFramework.csproj", "{2AA55F9C-C220-4C16-A39F-1C5EF87BD3F2}"
EndProject
Project("{9A19103F-16F7-4668-BE54-9A1E7A4F7556}") = "Myth.Rest", "Myth.Rest\Myth.Rest.csproj", "{5F5F3A78-09C0-4601-B313-9AA8B1AC687A}"
EndProject
Project("{2150E333-8FDC-42A3-9474-1A3956D46DE8}") = "Rest", "Rest", "{32DEEFE7-14EA-43F8-BC99-5D8CADFB294E}"
EndProject
Project("{9A19103F-16F7-4668-BE54-9A1E7A4F7556}") = "Myth.Rest.Test", "Myth.Rest.Test\Myth.Rest.Test.csproj", "{267B1999-B895-449F-96EA-478799497603}"
EndProject
Project("{2150E333-8FDC-42A3-9474-1A3956D46DE8}") = "Repository", "Repository", "{169339F6-1B73-4B4E-AAB6-9036A8CB5235}"
EndProject
Project("{9A19103F-16F7-4668-BE54-9A1E7A4F7556}") = "Myth.DependencyInjection", "Myth.DependencyInjection\Myth.DependencyInjection.csproj", "{677FAC0E-17A5-41A8-9BE1-840E72C2CC9A}"
EndProject
Project("{2150E333-8FDC-42A3-9474-1A3956D46DE8}") = "DevOps", "DevOps", "{20B4ADA9-92C0-4F59-A766-B8F444AE2F7A}"
	ProjectSection(SolutionItems) = preProject
		.gitlab-ci.yml = .gitlab-ci.yml
	EndProjectSection
EndProject
Project("{2150E333-8FDC-42A3-9474-1A3956D46DE8}") = "Commons", "Commons", "{296324CA-DC0D-4EB4-8FED-7BC22E524979}"
EndProject
Project("{9A19103F-16F7-4668-BE54-9A1E7A4F7556}") = "Myth.Commons.Test", "Myth.Commons.Test\Myth.Commons.Test.csproj", "{958D5700-1088-4834-B417-EE11FE7CEB52}"
EndProject
Project("{9A19103F-16F7-4668-BE54-9A1E7A4F7556}") = "Myth.Repository.Test", "Myth.Repository.Test\Myth.Repository.Test.csproj", "{1A562A17-0AA4-460A-8B64-934CCCFE7FF9}"
EndProject
Project("{2150E333-8FDC-42A3-9474-1A3956D46DE8}") = "Specification", "Specification", "{1E5D8247-3644-4962-80DE-BE25A5162DBF}"
EndProject
Project("{2150E333-8FDC-42A3-9474-1A3956D46DE8}") = "DependencyInjection", "DependencyInjection", "{16B0B348-060E-48A7-B0B7-FA23DAEAA320}"
EndProject
Project("{9A19103F-16F7-4668-BE54-9A1E7A4F7556}") = "Myth.Specification.Test", "Myth.Specification.Test\Myth.Specification.Test.csproj", "{82366A95-031B-4A35-89AC-751BA26229AC}"
EndProject
Project("{9A19103F-16F7-4668-BE54-9A1E7A4F7556}") = "Myth.DependencyInjection.Test", "Myth.DependencyInjection.Test\Myth.DependencyInjection.Test.csproj", "{5BA8D581-CCD2-46F3-ADDD-B58A1A583995}"
EndProject
Project("{9A19103F-16F7-4668-BE54-9A1E7A4F7556}") = "Myth.DependencyInjection.Providers", "Myth.DependencyInjection.Providers\Myth.DependencyInjection.Providers.csproj", "{FAEB35BF-73A0-42B7-B9AD-D41B57D696CD}"
EndProject
Project("{2150E333-8FDC-42A3-9474-1A3956D46DE8}") = "Morph", "Morph", "{02EA681E-C7D8-13C7-8484-4AC65E1B71E8}"
EndProject
Project("{FAE04EC0-301F-11D3-BF4B-00C04F79EFBC}") = "Myth.Morph", "Myth.Morph\Myth.Morph.csproj", "{DD1788A1-A687-47EC-9FFC-9D3DCAA39556}"
EndProject
Project("{FAE04EC0-301F-11D3-BF4B-00C04F79EFBC}") = "Myth.Morph.Test", "Myth.Morph.Test\Myth.Morph.Test.csproj", "{55F035D6-6CCA-40D8-BEB0-B136D7D3046F}"
EndProject
Project("{2150E333-8FDC-42A3-9474-1A3956D46DE8}") = "Flow", "Flow", "{9DE1B267-4703-44D5-911D-89D9C8AB8F27}"
EndProject
Project("{FAE04EC0-301F-11D3-BF4B-00C04F79EFBC}") = "Myth.Flow", "Myth.Flow\Myth.Flow.csproj", "{80B9A6E6-81BF-45F5-9B9C-5415940F9454}"
EndProject
Project("{FAE04EC0-301F-11D3-BF4B-00C04F79EFBC}") = "Myth.Flow.Test", "Myth.Flow.Test\Myth.Flow.Test.csproj", "{8AF3DA6D-1EA9-476A-A338-CB0A0BB587D0}"
EndProject
Project("{FAE04EC0-301F-11D3-BF4B-00C04F79EFBC}") = "Myth.Flow.Actions", "Myth.Flow.Actions\Myth.Flow.Actions.csproj", "{5C17E9F1-60DA-4327-9828-57533735ACE4}"
EndProject
Project("{FAE04EC0-301F-11D3-BF4B-00C04F79EFBC}") = "Myth.Flow.Actions.Test", "Myth.Flow.Actions.Test\Myth.Flow.Actions.Test.csproj", "{13D741B3-04B6-4A77-A2F9-C78BFA3B2401}"
EndProject
Global
	GlobalSection(SolutionConfigurationPlatforms) = preSolution
		Debug|Any CPU = Debug|Any CPU
		Release|Any CPU = Release|Any CPU
	EndGlobalSection
	GlobalSection(ProjectConfigurationPlatforms) = postSolution
		{F0B8E629-F5BC-4CDC-BC00-E469E8B963AD}.Debug|Any CPU.ActiveCfg = Debug|x64
		{F0B8E629-F5BC-4CDC-BC00-E469E8B963AD}.Debug|Any CPU.Build.0 = Debug|x64
		{F0B8E629-F5BC-4CDC-BC00-E469E8B963AD}.Release|Any CPU.ActiveCfg = Release|x64
		{F0B8E629-F5BC-4CDC-BC00-E469E8B963AD}.Release|Any CPU.Build.0 = Release|x64
		{64BCED11-ACBC-4F67-911D-DDA0395D06C0}.Debug|Any CPU.ActiveCfg = Debug|x64
		{64BCED11-ACBC-4F67-911D-DDA0395D06C0}.Debug|Any CPU.Build.0 = Debug|x64
		{64BCED11-ACBC-4F67-911D-DDA0395D06C0}.Release|Any CPU.ActiveCfg = Release|x64
		{64BCED11-ACBC-4F67-911D-DDA0395D06C0}.Release|Any CPU.Build.0 = Release|x64
		{027EC915-129B-412C-AD74-35225C0DA686}.Debug|Any CPU.ActiveCfg = Debug|x64
		{027EC915-129B-412C-AD74-35225C0DA686}.Debug|Any CPU.Build.0 = Debug|x64
		{027EC915-129B-412C-AD74-35225C0DA686}.Release|Any CPU.ActiveCfg = Release|x64
		{027EC915-129B-412C-AD74-35225C0DA686}.Release|Any CPU.Build.0 = Release|x64
		{2AA55F9C-C220-4C16-A39F-1C5EF87BD3F2}.Debug|Any CPU.ActiveCfg = Debug|x64
		{2AA55F9C-C220-4C16-A39F-1C5EF87BD3F2}.Debug|Any CPU.Build.0 = Debug|x64
		{2AA55F9C-C220-4C16-A39F-1C5EF87BD3F2}.Release|Any CPU.ActiveCfg = Release|x64
		{2AA55F9C-C220-4C16-A39F-1C5EF87BD3F2}.Release|Any CPU.Build.0 = Release|x64
		{5F5F3A78-09C0-4601-B313-9AA8B1AC687A}.Debug|Any CPU.ActiveCfg = Debug|x64
		{5F5F3A78-09C0-4601-B313-9AA8B1AC687A}.Debug|Any CPU.Build.0 = Debug|x64
		{5F5F3A78-09C0-4601-B313-9AA8B1AC687A}.Release|Any CPU.ActiveCfg = Release|x64
		{5F5F3A78-09C0-4601-B313-9AA8B1AC687A}.Release|Any CPU.Build.0 = Release|x64
		{267B1999-B895-449F-96EA-478799497603}.Debug|Any CPU.ActiveCfg = Debug|x64
		{267B1999-B895-449F-96EA-478799497603}.Debug|Any CPU.Build.0 = Debug|x64
		{267B1999-B895-449F-96EA-478799497603}.Release|Any CPU.ActiveCfg = Release|Any CPU
		{267B1999-B895-449F-96EA-478799497603}.Release|Any CPU.Build.0 = Release|Any CPU
		{677FAC0E-17A5-41A8-9BE1-840E72C2CC9A}.Debug|Any CPU.ActiveCfg = Debug|Any CPU
		{677FAC0E-17A5-41A8-9BE1-840E72C2CC9A}.Debug|Any CPU.Build.0 = Debug|Any CPU
		{677FAC0E-17A5-41A8-9BE1-840E72C2CC9A}.Release|Any CPU.ActiveCfg = Release|Any CPU
		{677FAC0E-17A5-41A8-9BE1-840E72C2CC9A}.Release|Any CPU.Build.0 = Release|Any CPU
		{958D5700-1088-4834-B417-EE11FE7CEB52}.Debug|Any CPU.ActiveCfg = Debug|Any CPU
		{958D5700-1088-4834-B417-EE11FE7CEB52}.Debug|Any CPU.Build.0 = Debug|Any CPU
		{958D5700-1088-4834-B417-EE11FE7CEB52}.Release|Any CPU.ActiveCfg = Release|Any CPU
		{958D5700-1088-4834-B417-EE11FE7CEB52}.Release|Any CPU.Build.0 = Release|Any CPU
		{1A562A17-0AA4-460A-8B64-934CCCFE7FF9}.Debug|Any CPU.ActiveCfg = Debug|Any CPU
		{1A562A17-0AA4-460A-8B64-934CCCFE7FF9}.Debug|Any CPU.Build.0 = Debug|Any CPU
		{1A562A17-0AA4-460A-8B64-934CCCFE7FF9}.Release|Any CPU.ActiveCfg = Release|Any CPU
		{1A562A17-0AA4-460A-8B64-934CCCFE7FF9}.Release|Any CPU.Build.0 = Release|Any CPU
		{82366A95-031B-4A35-89AC-751BA26229AC}.Debug|Any CPU.ActiveCfg = Debug|Any CPU
		{82366A95-031B-4A35-89AC-751BA26229AC}.Debug|Any CPU.Build.0 = Debug|Any CPU
		{82366A95-031B-4A35-89AC-751BA26229AC}.Release|Any CPU.ActiveCfg = Release|Any CPU
		{82366A95-031B-4A35-89AC-751BA26229AC}.Release|Any CPU.Build.0 = Release|Any CPU
		{5BA8D581-CCD2-46F3-ADDD-B58A1A583995}.Debug|Any CPU.ActiveCfg = Debug|Any CPU
		{5BA8D581-CCD2-46F3-ADDD-B58A1A583995}.Debug|Any CPU.Build.0 = Debug|Any CPU
		{5BA8D581-CCD2-46F3-ADDD-B58A1A583995}.Release|Any CPU.ActiveCfg = Release|Any CPU
		{5BA8D581-CCD2-46F3-ADDD-B58A1A583995}.Release|Any CPU.Build.0 = Release|Any CPU
		{FAEB35BF-73A0-42B7-B9AD-D41B57D696CD}.Debug|Any CPU.ActiveCfg = Debug|Any CPU
		{FAEB35BF-73A0-42B7-B9AD-D41B57D696CD}.Debug|Any CPU.Build.0 = Debug|Any CPU
		{FAEB35BF-73A0-42B7-B9AD-D41B57D696CD}.Release|Any CPU.ActiveCfg = Release|Any CPU
		{FAEB35BF-73A0-42B7-B9AD-D41B57D696CD}.Release|Any CPU.Build.0 = Release|Any CPU
		{DD1788A1-A687-47EC-9FFC-9D3DCAA39556}.Debug|Any CPU.ActiveCfg = Debug|Any CPU
		{DD1788A1-A687-47EC-9FFC-9D3DCAA39556}.Debug|Any CPU.Build.0 = Debug|Any CPU
		{DD1788A1-A687-47EC-9FFC-9D3DCAA39556}.Release|Any CPU.ActiveCfg = Release|Any CPU
		{DD1788A1-A687-47EC-9FFC-9D3DCAA39556}.Release|Any CPU.Build.0 = Release|Any CPU
		{55F035D6-6CCA-40D8-BEB0-B136D7D3046F}.Debug|Any CPU.ActiveCfg = Debug|Any CPU
		{55F035D6-6CCA-40D8-BEB0-B136D7D3046F}.Debug|Any CPU.Build.0 = Debug|Any CPU
		{55F035D6-6CCA-40D8-BEB0-B136D7D3046F}.Release|Any CPU.ActiveCfg = Release|Any CPU
		{55F035D6-6CCA-40D8-BEB0-B136D7D3046F}.Release|Any CPU.Build.0 = Release|Any CPU
		{80B9A6E6-81BF-45F5-9B9C-5415940F9454}.Debug|Any CPU.ActiveCfg = Debug|Any CPU
		{80B9A6E6-81BF-45F5-9B9C-5415940F9454}.Debug|Any CPU.Build.0 = Debug|Any CPU
		{80B9A6E6-81BF-45F5-9B9C-5415940F9454}.Release|Any CPU.ActiveCfg = Release|Any CPU
		{80B9A6E6-81BF-45F5-9B9C-5415940F9454}.Release|Any CPU.Build.0 = Release|Any CPU
		{8AF3DA6D-1EA9-476A-A338-CB0A0BB587D0}.Debug|Any CPU.ActiveCfg = Debug|Any CPU
		{8AF3DA6D-1EA9-476A-A338-CB0A0BB587D0}.Debug|Any CPU.Build.0 = Debug|Any CPU
		{8AF3DA6D-1EA9-476A-A338-CB0A0BB587D0}.Release|Any CPU.ActiveCfg = Release|Any CPU
		{8AF3DA6D-1EA9-476A-A338-CB0A0BB587D0}.Release|Any CPU.Build.0 = Release|Any CPU
		{5C17E9F1-60DA-4327-9828-57533735ACE4}.Debug|Any CPU.ActiveCfg = Debug|Any CPU
		{5C17E9F1-60DA-4327-9828-57533735ACE4}.Debug|Any CPU.Build.0 = Debug|Any CPU
		{5C17E9F1-60DA-4327-9828-57533735ACE4}.Release|Any CPU.ActiveCfg = Release|Any CPU
		{5C17E9F1-60DA-4327-9828-57533735ACE4}.Release|Any CPU.Build.0 = Release|Any CPU
		{13D741B3-04B6-4A77-A2F9-C78BFA3B2401}.Debug|Any CPU.ActiveCfg = Debug|Any CPU
		{13D741B3-04B6-4A77-A2F9-C78BFA3B2401}.Debug|Any CPU.Build.0 = Debug|Any CPU
		{13D741B3-04B6-4A77-A2F9-C78BFA3B2401}.Release|Any CPU.ActiveCfg = Release|Any CPU
		{13D741B3-04B6-4A77-A2F9-C78BFA3B2401}.Release|Any CPU.Build.0 = Release|Any CPU
	EndGlobalSection
	GlobalSection(SolutionProperties) = preSolution
		HideSolutionNode = FALSE
	EndGlobalSection
	GlobalSection(NestedProjects) = preSolution
		{F0B8E629-F5BC-4CDC-BC00-E469E8B963AD} = {296324CA-DC0D-4EB4-8FED-7BC22E524979}
		{64BCED11-ACBC-4F67-911D-DDA0395D06C0} = {169339F6-1B73-4B4E-AAB6-9036A8CB5235}
		{027EC915-129B-412C-AD74-35225C0DA686} = {1E5D8247-3644-4962-80DE-BE25A5162DBF}
		{2AA55F9C-C220-4C16-A39F-1C5EF87BD3F2} = {169339F6-1B73-4B4E-AAB6-9036A8CB5235}
		{5F5F3A78-09C0-4601-B313-9AA8B1AC687A} = {32DEEFE7-14EA-43F8-BC99-5D8CADFB294E}
		{267B1999-B895-449F-96EA-478799497603} = {32DEEFE7-14EA-43F8-BC99-5D8CADFB294E}
		{677FAC0E-17A5-41A8-9BE1-840E72C2CC9A} = {16B0B348-060E-48A7-B0B7-FA23DAEAA320}
		{958D5700-1088-4834-B417-EE11FE7CEB52} = {296324CA-DC0D-4EB4-8FED-7BC22E524979}
		{1A562A17-0AA4-460A-8B64-934CCCFE7FF9} = {169339F6-1B73-4B4E-AAB6-9036A8CB5235}
		{82366A95-031B-4A35-89AC-751BA26229AC} = {1E5D8247-3644-4962-80DE-BE25A5162DBF}
		{5BA8D581-CCD2-46F3-ADDD-B58A1A583995} = {16B0B348-060E-48A7-B0B7-FA23DAEAA320}
		{FAEB35BF-73A0-42B7-B9AD-D41B57D696CD} = {16B0B348-060E-48A7-B0B7-FA23DAEAA320}
		{DD1788A1-A687-47EC-9FFC-9D3DCAA39556} = {02EA681E-C7D8-13C7-8484-4AC65E1B71E8}
		{55F035D6-6CCA-40D8-BEB0-B136D7D3046F} = {02EA681E-C7D8-13C7-8484-4AC65E1B71E8}
		{80B9A6E6-81BF-45F5-9B9C-5415940F9454} = {9DE1B267-4703-44D5-911D-89D9C8AB8F27}
		{8AF3DA6D-1EA9-476A-A338-CB0A0BB587D0} = {9DE1B267-4703-44D5-911D-89D9C8AB8F27}
		{5C17E9F1-60DA-4327-9828-57533735ACE4} = {9DE1B267-4703-44D5-911D-89D9C8AB8F27}
		{13D741B3-04B6-4A77-A2F9-C78BFA3B2401} = {9DE1B267-4703-44D5-911D-89D9C8AB8F27}
	EndGlobalSection
	GlobalSection(ExtensibilityGlobals) = postSolution
		SolutionGuid = {57C72C75-3DFD-47D6-BEBE-072183C4FAA7}
	EndGlobalSection
EndGlobal
